
Microsoft Visual Studio Solution File, Format Version 12.00
# Visual Studio Version 17
VisualStudioVersion = 17.5.002.0
MinimumVisualStudioVersion = 10.0.40219.1
Project("{9A19103F-16F7-4668-BE54-9A1E7A4F7556}") = "data_annotations", "data_annotations.csproj", "{EE5B9DBC-A7DC-4135-9DED-584A886CADE6}"
EndProject
Global
	GlobalSection(SolutionConfigurationPlatforms) = preSolution
		Debug|Any CPU = Debug|Any CPU
		Release|Any CPU = Release|Any CPU
	EndGlobalSection
	GlobalSection(ProjectConfigurationPlatforms) = postSolution
		{EE5B9DBC-A7DC-4135-9DED-584A886CADE6}.Debug|Any CPU.ActiveCfg = Debug|Any CPU
		{EE5B9DBC-A7DC-4135-9DED-584A886CADE6}.Debug|Any CPU.Build.0 = Debug|Any CPU
		{EE5B9DBC-A7DC-4135-9DED-584A886CADE6}.Release|Any CPU.ActiveCfg = Release|Any CPU
		{EE5B9DBC-A7DC-4135-9DED-584A886CADE6}.Release|Any CPU.Build.0 = Release|Any CPU
	EndGlobalSection
	GlobalSection(SolutionProperties) = preSolution
		HideSolutionNode = FALSE
	EndGlobalSection
	GlobalSection(ExtensibilityGlobals) = postSolution
		SolutionGuid = {23FA023E-7E63-4CD9-A277-365181319401}
	EndGlobalSection
EndGlobal
